
Microsoft Visual Studio Solution File, Format Version 12.00
# Visual Studio Version 17
VisualStudioVersion = 17.0.31903.59
MinimumVisualStudioVersion = 10.0.40219.1
Project("{FAE04EC0-301F-11D3-BF4B-00C04F79EFBC}") = "absolwent", "absolwent\absolwent.csproj", "{6DD44BA3-F751-4A23-8CE2-2A0126BF38BB}"
EndProject
Global
	GlobalSection(SolutionConfigurationPlatforms) = preSolution
		Debug|Any CPU = Debug|Any CPU
		Release|Any CPU = Release|Any CPU
	EndGlobalSection
	GlobalSection(ProjectConfigurationPlatforms) = postSolution
		{6DD44BA3-F751-4A23-8CE2-2A0126BF38BB}.Debug|Any CPU.ActiveCfg = Debug|Any CPU
		{6DD44BA3-F751-4A23-8CE2-2A0126BF38BB}.Debug|Any CPU.Build.0 = Debug|Any CPU
		{6DD44BA3-F751-4A23-8CE2-2A0126BF38BB}.Release|Any CPU.ActiveCfg = Release|Any CPU
		{6DD44BA3-F751-4A23-8CE2-2A0126BF38BB}.Release|Any CPU.Build.0 = Release|Any CPU
	EndGlobalSection
	GlobalSection(SolutionProperties) = preSolution
		HideSolutionNode = FALSE
	EndGlobalSection
	GlobalSection(ExtensibilityGlobals) = postSolution
		SolutionGuid = {7230A282-44B9-4EFA-99D5-23194D8B6A41}
	EndGlobalSection
EndGlobal
